
Microsoft Visual Studio Solution File, Format Version 12.00
# Visual Studio Version 17
VisualStudioVersion = 17.1.32328.378
MinimumVisualStudioVersion = 10.0.40219.1
Project("{2150E333-8FDC-42A3-9474-1A3956D46DE8}") = "BookingService", "BookingService", "{177D45E7-B20A-441C-A2D2-468DE8C13731}"
EndProject
Project("{2150E333-8FDC-42A3-9474-1A3956D46DE8}") = "PaymentService", "PaymentService", "{728459AB-695B-40C6-8961-6977F92AF8CE}"
EndProject
Project("{2150E333-8FDC-42A3-9474-1A3956D46DE8}") = "Core", "Core", "{9214D324-6329-4866-9AFB-D89357EEB5D7}"
EndProject
Project("{2150E333-8FDC-42A3-9474-1A3956D46DE8}") = "Domain", "Domain", "{77E3E826-F7CC-4A15-A94E-76BC9D5F4121}"
EndProject
Project("{2150E333-8FDC-42A3-9474-1A3956D46DE8}") = "Application", "Application", "{01AD44A8-C059-44D1-A173-F564B72AEE8A}"
EndProject
Project("{2150E333-8FDC-42A3-9474-1A3956D46DE8}") = "Adapters", "Adapters", "{80E82D10-2FDE-41D5-ADF9-F9DCF3727E3E}"
EndProject
Project("{2150E333-8FDC-42A3-9474-1A3956D46DE8}") = "Consumers", "Consumers", "{4BB06919-F4AB-4A4B-B485-3A06E613E633}"
EndProject
Project("{2150E333-8FDC-42A3-9474-1A3956D46DE8}") = "Tests", "Tests", "{A6A3F851-DB30-4CCC-B994-08A7AA663578}"
EndProject
Project("{2150E333-8FDC-42A3-9474-1A3956D46DE8}") = "Domain", "Domain", "{C140CE00-8445-47FF-9280-F5660B2B58F5}"
EndProject
Project("{2150E333-8FDC-42A3-9474-1A3956D46DE8}") = "Application", "Application", "{E1BC0D94-02A7-4D09-B483-EB7F45E316D1}"
EndProject
Project("{2150E333-8FDC-42A3-9474-1A3956D46DE8}") = "Adapters", "Adapters", "{80D9E997-6D44-4416-A45B-ACD2359776F2}"
EndProject
Project("{9A19103F-16F7-4668-BE54-9A1E7A4F7556}") = "Data", "BookingService\Adapters\Data\Data.csproj", "{012895B5-14C1-4587-9190-8B2B0AE0BEF4}"
EndProject
Project("{9A19103F-16F7-4668-BE54-9A1E7A4F7556}") = "API", "BookingService\Consumers\API\API.csproj", "{2C676DE7-BE2B-41F3-8B02-457E385E25EB}"
EndProject
Project("{9A19103F-16F7-4668-BE54-9A1E7A4F7556}") = "Application", "BookingService\Core\Application\Application.csproj", "{8B713ECA-F6CD-49E3-8E47-4DFD08125283}"
EndProject
Project("{9A19103F-16F7-4668-BE54-9A1E7A4F7556}") = "Domain", "BookingService\Core\Domain\Domain.csproj", "{3FEA5461-FB1C-46B7-B5A9-77D202DEA18C}"
EndProject
Project("{9A19103F-16F7-4668-BE54-9A1E7A4F7556}") = "AdaptersTests", "BookingService\Tests\Adapters\AdaptersTests\AdaptersTests.csproj", "{3E2DC33B-C42C-49DB-9260-B40E444D39E8}"
EndProject
Project("{9A19103F-16F7-4668-BE54-9A1E7A4F7556}") = "ApplicationTests", "BookingService\Tests\Application\ApplicationTests\ApplicationTests.csproj", "{26AE03B2-A094-4AC3-B47B-87FA0F683CC0}"
EndProject
Project("{9A19103F-16F7-4668-BE54-9A1E7A4F7556}") = "DomainTests", "BookingService\Tests\Domain\DomainTests\DomainTests.csproj", "{7A335357-4858-4A4E-9D3D-2B7E3F87E90E}"
EndProject
Global
	GlobalSection(SolutionConfigurationPlatforms) = preSolution
		Debug|Any CPU = Debug|Any CPU
		Release|Any CPU = Release|Any CPU
	EndGlobalSection
	GlobalSection(ProjectConfigurationPlatforms) = postSolution
		{012895B5-14C1-4587-9190-8B2B0AE0BEF4}.Debug|Any CPU.ActiveCfg = Debug|Any CPU
		{012895B5-14C1-4587-9190-8B2B0AE0BEF4}.Debug|Any CPU.Build.0 = Debug|Any CPU
		{012895B5-14C1-4587-9190-8B2B0AE0BEF4}.Release|Any CPU.ActiveCfg = Release|Any CPU
		{012895B5-14C1-4587-9190-8B2B0AE0BEF4}.Release|Any CPU.Build.0 = Release|Any CPU
		{2C676DE7-BE2B-41F3-8B02-457E385E25EB}.Debug|Any CPU.ActiveCfg = Debug|Any CPU
		{2C676DE7-BE2B-41F3-8B02-457E385E25EB}.Debug|Any CPU.Build.0 = Debug|Any CPU
		{2C676DE7-BE2B-41F3-8B02-457E385E25EB}.Release|Any CPU.ActiveCfg = Release|Any CPU
		{2C676DE7-BE2B-41F3-8B02-457E385E25EB}.Release|Any CPU.Build.0 = Release|Any CPU
		{8B713ECA-F6CD-49E3-8E47-4DFD08125283}.Debug|Any CPU.ActiveCfg = Debug|Any CPU
		{8B713ECA-F6CD-49E3-8E47-4DFD08125283}.Debug|Any CPU.Build.0 = Debug|Any CPU
		{8B713ECA-F6CD-49E3-8E47-4DFD08125283}.Release|Any CPU.ActiveCfg = Release|Any CPU
		{8B713ECA-F6CD-49E3-8E47-4DFD08125283}.Release|Any CPU.Build.0 = Release|Any CPU
		{3FEA5461-FB1C-46B7-B5A9-77D202DEA18C}.Debug|Any CPU.ActiveCfg = Debug|Any CPU
		{3FEA5461-FB1C-46B7-B5A9-77D202DEA18C}.Debug|Any CPU.Build.0 = Debug|Any CPU
		{3FEA5461-FB1C-46B7-B5A9-77D202DEA18C}.Release|Any CPU.ActiveCfg = Release|Any CPU
		{3FEA5461-FB1C-46B7-B5A9-77D202DEA18C}.Release|Any CPU.Build.0 = Release|Any CPU
		{3E2DC33B-C42C-49DB-9260-B40E444D39E8}.Debug|Any CPU.ActiveCfg = Debug|Any CPU
		{3E2DC33B-C42C-49DB-9260-B40E444D39E8}.Debug|Any CPU.Build.0 = Debug|Any CPU
		{3E2DC33B-C42C-49DB-9260-B40E444D39E8}.Release|Any CPU.ActiveCfg = Release|Any CPU
		{3E2DC33B-C42C-49DB-9260-B40E444D39E8}.Release|Any CPU.Build.0 = Release|Any CPU
		{26AE03B2-A094-4AC3-B47B-87FA0F683CC0}.Debug|Any CPU.ActiveCfg = Debug|Any CPU
		{26AE03B2-A094-4AC3-B47B-87FA0F683CC0}.Debug|Any CPU.Build.0 = Debug|Any CPU
		{26AE03B2-A094-4AC3-B47B-87FA0F683CC0}.Release|Any CPU.ActiveCfg = Release|Any CPU
		{26AE03B2-A094-4AC3-B47B-87FA0F683CC0}.Release|Any CPU.Build.0 = Release|Any CPU
		{7A335357-4858-4A4E-9D3D-2B7E3F87E90E}.Debug|Any CPU.ActiveCfg = Debug|Any CPU
		{7A335357-4858-4A4E-9D3D-2B7E3F87E90E}.Debug|Any CPU.Build.0 = Debug|Any CPU
		{7A335357-4858-4A4E-9D3D-2B7E3F87E90E}.Release|Any CPU.ActiveCfg = Release|Any CPU
		{7A335357-4858-4A4E-9D3D-2B7E3F87E90E}.Release|Any CPU.Build.0 = Release|Any CPU
	EndGlobalSection
	GlobalSection(SolutionProperties) = preSolution
		HideSolutionNode = FALSE
	EndGlobalSection
	GlobalSection(NestedProjects) = preSolution
		{9214D324-6329-4866-9AFB-D89357EEB5D7} = {177D45E7-B20A-441C-A2D2-468DE8C13731}
		{77E3E826-F7CC-4A15-A94E-76BC9D5F4121} = {9214D324-6329-4866-9AFB-D89357EEB5D7}
		{01AD44A8-C059-44D1-A173-F564B72AEE8A} = {9214D324-6329-4866-9AFB-D89357EEB5D7}
		{80E82D10-2FDE-41D5-ADF9-F9DCF3727E3E} = {177D45E7-B20A-441C-A2D2-468DE8C13731}
		{4BB06919-F4AB-4A4B-B485-3A06E613E633} = {177D45E7-B20A-441C-A2D2-468DE8C13731}
		{A6A3F851-DB30-4CCC-B994-08A7AA663578} = {177D45E7-B20A-441C-A2D2-468DE8C13731}
		{C140CE00-8445-47FF-9280-F5660B2B58F5} = {A6A3F851-DB30-4CCC-B994-08A7AA663578}
		{E1BC0D94-02A7-4D09-B483-EB7F45E316D1} = {A6A3F851-DB30-4CCC-B994-08A7AA663578}
		{80D9E997-6D44-4416-A45B-ACD2359776F2} = {A6A3F851-DB30-4CCC-B994-08A7AA663578}
		{012895B5-14C1-4587-9190-8B2B0AE0BEF4} = {80E82D10-2FDE-41D5-ADF9-F9DCF3727E3E}
		{2C676DE7-BE2B-41F3-8B02-457E385E25EB} = {4BB06919-F4AB-4A4B-B485-3A06E613E633}
		{8B713ECA-F6CD-49E3-8E47-4DFD08125283} = {01AD44A8-C059-44D1-A173-F564B72AEE8A}
		{3FEA5461-FB1C-46B7-B5A9-77D202DEA18C} = {77E3E826-F7CC-4A15-A94E-76BC9D5F4121}
		{3E2DC33B-C42C-49DB-9260-B40E444D39E8} = {80D9E997-6D44-4416-A45B-ACD2359776F2}
		{26AE03B2-A094-4AC3-B47B-87FA0F683CC0} = {E1BC0D94-02A7-4D09-B483-EB7F45E316D1}
		{7A335357-4858-4A4E-9D3D-2B7E3F87E90E} = {C140CE00-8445-47FF-9280-F5660B2B58F5}
	EndGlobalSection
	GlobalSection(ExtensibilityGlobals) = postSolution
		SolutionGuid = {EFBCDCB7-4469-4152-992C-51872AACD717}
	EndGlobalSection
EndGlobal
